
Microsoft Visual Studio Solution File, Format Version 12.00
# Visual Studio Version 16
VisualStudioVersion = 16.0.810.11
MinimumVisualStudioVersion = 10.0.40219.1
Project("{FAE04EC0-301F-11D3-BF4B-00C04F79EFBC}") = "ChrisSample.Android", "ChrisSample.Android\ChrisSample.Android.csproj", "{8423F7C4-01C7-42CB-AADD-38C94C166768}"
EndProject
Project("{FAE04EC0-301F-11D3-BF4B-00C04F79EFBC}") = "ChrisSample.iOS", "ChrisSample.iOS\ChrisSample.iOS.csproj", "{D794B104-27A5-4B24-9AA9-1495593AF94B}"
EndProject
Project("{FAE04EC0-301F-11D3-BF4B-00C04F79EFBC}") = "ChrisSample", "ChrisSample\ChrisSample.csproj", "{16E2E7D8-B691-4496-AD9D-00C4F12B0BA7}"
EndProject
Global
	GlobalSection(SolutionConfigurationPlatforms) = preSolution
		Debug|Any CPU = Debug|Any CPU
		Release|Any CPU = Release|Any CPU
		Debug|iPhoneSimulator = Debug|iPhoneSimulator
		Release|iPhoneSimulator = Release|iPhoneSimulator
		Debug|iPhone = Debug|iPhone
		Release|iPhone = Release|iPhone
	EndGlobalSection
	GlobalSection(ProjectConfigurationPlatforms) = postSolution
		{8423F7C4-01C7-42CB-AADD-38C94C166768}.Debug|Any CPU.ActiveCfg = Debug|Any CPU
		{8423F7C4-01C7-42CB-AADD-38C94C166768}.Debug|Any CPU.Build.0 = Debug|Any CPU
		{8423F7C4-01C7-42CB-AADD-38C94C166768}.Release|Any CPU.ActiveCfg = Release|Any CPU
		{8423F7C4-01C7-42CB-AADD-38C94C166768}.Release|Any CPU.Build.0 = Release|Any CPU
		{8423F7C4-01C7-42CB-AADD-38C94C166768}.Debug|iPhoneSimulator.ActiveCfg = Debug|Any CPU
		{8423F7C4-01C7-42CB-AADD-38C94C166768}.Debug|iPhoneSimulator.Build.0 = Debug|Any CPU
		{8423F7C4-01C7-42CB-AADD-38C94C166768}.Release|iPhoneSimulator.ActiveCfg = Release|Any CPU
		{8423F7C4-01C7-42CB-AADD-38C94C166768}.Release|iPhoneSimulator.Build.0 = Release|Any CPU
		{8423F7C4-01C7-42CB-AADD-38C94C166768}.Debug|iPhone.ActiveCfg = Debug|Any CPU
		{8423F7C4-01C7-42CB-AADD-38C94C166768}.Debug|iPhone.Build.0 = Debug|Any CPU
		{8423F7C4-01C7-42CB-AADD-38C94C166768}.Release|iPhone.ActiveCfg = Release|Any CPU
		{8423F7C4-01C7-42CB-AADD-38C94C166768}.Release|iPhone.Build.0 = Release|Any CPU
		{D794B104-27A5-4B24-9AA9-1495593AF94B}.Debug|Any CPU.ActiveCfg = Debug|iPhoneSimulator
		{D794B104-27A5-4B24-9AA9-1495593AF94B}.Debug|Any CPU.Build.0 = Debug|iPhoneSimulator
		{D794B104-27A5-4B24-9AA9-1495593AF94B}.Release|Any CPU.ActiveCfg = Release|iPhoneSimulator
		{D794B104-27A5-4B24-9AA9-1495593AF94B}.Release|Any CPU.Build.0 = Release|iPhoneSimulator
		{D794B104-27A5-4B24-9AA9-1495593AF94B}.Debug|iPhoneSimulator.ActiveCfg = Debug|iPhoneSimulator
		{D794B104-27A5-4B24-9AA9-1495593AF94B}.Debug|iPhoneSimulator.Build.0 = Debug|iPhoneSimulator
		{D794B104-27A5-4B24-9AA9-1495593AF94B}.Release|iPhoneSimulator.ActiveCfg = Release|iPhoneSimulator
		{D794B104-27A5-4B24-9AA9-1495593AF94B}.Release|iPhoneSimulator.Build.0 = Release|iPhoneSimulator
		{D794B104-27A5-4B24-9AA9-1495593AF94B}.Debug|iPhone.ActiveCfg = Debug|iPhone
		{D794B104-27A5-4B24-9AA9-1495593AF94B}.Debug|iPhone.Build.0 = Debug|iPhone
		{D794B104-27A5-4B24-9AA9-1495593AF94B}.Release|iPhone.ActiveCfg = Release|iPhone
		{D794B104-27A5-4B24-9AA9-1495593AF94B}.Release|iPhone.Build.0 = Release|iPhone
		{16E2E7D8-B691-4496-AD9D-00C4F12B0BA7}.Debug|Any CPU.ActiveCfg = Debug|Any CPU
		{16E2E7D8-B691-4496-AD9D-00C4F12B0BA7}.Debug|Any CPU.Build.0 = Debug|Any CPU
		{16E2E7D8-B691-4496-AD9D-00C4F12B0BA7}.Release|Any CPU.ActiveCfg = Release|Any CPU
		{16E2E7D8-B691-4496-AD9D-00C4F12B0BA7}.Release|Any CPU.Build.0 = Release|Any CPU
		{16E2E7D8-B691-4496-AD9D-00C4F12B0BA7}.Debug|iPhoneSimulator.ActiveCfg = Debug|Any CPU
		{16E2E7D8-B691-4496-AD9D-00C4F12B0BA7}.Debug|iPhoneSimulator.Build.0 = Debug|Any CPU
		{16E2E7D8-B691-4496-AD9D-00C4F12B0BA7}.Release|iPhoneSimulator.ActiveCfg = Release|Any CPU
		{16E2E7D8-B691-4496-AD9D-00C4F12B0BA7}.Release|iPhoneSimulator.Build.0 = Release|Any CPU
		{16E2E7D8-B691-4496-AD9D-00C4F12B0BA7}.Debug|iPhone.ActiveCfg = Debug|Any CPU
		{16E2E7D8-B691-4496-AD9D-00C4F12B0BA7}.Debug|iPhone.Build.0 = Debug|Any CPU
		{16E2E7D8-B691-4496-AD9D-00C4F12B0BA7}.Release|iPhone.ActiveCfg = Release|Any CPU
		{16E2E7D8-B691-4496-AD9D-00C4F12B0BA7}.Release|iPhone.Build.0 = Release|Any CPU
	EndGlobalSection
	GlobalSection(SolutionProperties) = preSolution
		HideSolutionNode = FALSE
	EndGlobalSection
	GlobalSection(ExtensibilityGlobals) = postSolution
		SolutionGuid = {7E99BA23-796A-4C35-89AF-CEE9DF908A48}
	EndGlobalSection
EndGlobal
